
Microsoft Visual Studio Solution File, Format Version 12.00
# Visual Studio 15
VisualStudioVersion = 15.0.27130.2024
MinimumVisualStudioVersion = 10.0.40219.1
Project("{FAE04EC0-301F-11D3-BF4B-00C04F79EFBC}") = "Hackathon_1_Advance", "Hackathon_1_Advance\Hackathon_1_Advance.csproj", "{9C12FCAB-830E-4966-AD07-98F24395739B}"
EndProject
Project("{FAE04EC0-301F-11D3-BF4B-00C04F79EFBC}") = "Hackathon_2_Advance", "Hackathon_2_Advance\Hackathon_2_Advance.csproj", "{29015ACF-F9BE-4853-8753-67CAEAA178D2}"
EndProject
Project("{FAE04EC0-301F-11D3-BF4B-00C04F79EFBC}") = "Hackathon_3_Advance", "Hackathon_3_Advance\Hackathon_3_Advance.csproj", "{C9B3A3E8-0E9B-4437-98D1-A5997280EAD1}"
EndProject
Project("{FAE04EC0-301F-11D3-BF4B-00C04F79EFBC}") = "Hackathon_4_Advance", "Hackathon_4_Advance\Hackathon_4_Advance.csproj", "{A1D73351-45BF-499D-89D3-47D194A2C45F}"
EndProject
Project("{FAE04EC0-301F-11D3-BF4B-00C04F79EFBC}") = "Hackathon_5_Advance", "Hackathon_5_Advance\Hackathon_5_Advance.csproj", "{6DA775AF-761F-44DF-B986-37554ABD105B}"
EndProject
Global
	GlobalSection(SolutionConfigurationPlatforms) = preSolution
		Debug|Any CPU = Debug|Any CPU
		Release|Any CPU = Release|Any CPU
	EndGlobalSection
	GlobalSection(ProjectConfigurationPlatforms) = postSolution
		{9C12FCAB-830E-4966-AD07-98F24395739B}.Debug|Any CPU.ActiveCfg = Debug|Any CPU
		{9C12FCAB-830E-4966-AD07-98F24395739B}.Debug|Any CPU.Build.0 = Debug|Any CPU
		{9C12FCAB-830E-4966-AD07-98F24395739B}.Release|Any CPU.ActiveCfg = Release|Any CPU
		{9C12FCAB-830E-4966-AD07-98F24395739B}.Release|Any CPU.Build.0 = Release|Any CPU
		{29015ACF-F9BE-4853-8753-67CAEAA178D2}.Debug|Any CPU.ActiveCfg = Debug|Any CPU
		{29015ACF-F9BE-4853-8753-67CAEAA178D2}.Debug|Any CPU.Build.0 = Debug|Any CPU
		{29015ACF-F9BE-4853-8753-67CAEAA178D2}.Release|Any CPU.ActiveCfg = Release|Any CPU
		{29015ACF-F9BE-4853-8753-67CAEAA178D2}.Release|Any CPU.Build.0 = Release|Any CPU
		{C9B3A3E8-0E9B-4437-98D1-A5997280EAD1}.Debug|Any CPU.ActiveCfg = Debug|Any CPU
		{C9B3A3E8-0E9B-4437-98D1-A5997280EAD1}.Debug|Any CPU.Build.0 = Debug|Any CPU
		{C9B3A3E8-0E9B-4437-98D1-A5997280EAD1}.Release|Any CPU.ActiveCfg = Release|Any CPU
		{C9B3A3E8-0E9B-4437-98D1-A5997280EAD1}.Release|Any CPU.Build.0 = Release|Any CPU
		{A1D73351-45BF-499D-89D3-47D194A2C45F}.Debug|Any CPU.ActiveCfg = Debug|Any CPU
		{A1D73351-45BF-499D-89D3-47D194A2C45F}.Debug|Any CPU.Build.0 = Debug|Any CPU
		{A1D73351-45BF-499D-89D3-47D194A2C45F}.Release|Any CPU.ActiveCfg = Release|Any CPU
		{A1D73351-45BF-499D-89D3-47D194A2C45F}.Release|Any CPU.Build.0 = Release|Any CPU
		{6DA775AF-761F-44DF-B986-37554ABD105B}.Debug|Any CPU.ActiveCfg = Debug|Any CPU
		{6DA775AF-761F-44DF-B986-37554ABD105B}.Debug|Any CPU.Build.0 = Debug|Any CPU
		{6DA775AF-761F-44DF-B986-37554ABD105B}.Release|Any CPU.ActiveCfg = Release|Any CPU
		{6DA775AF-761F-44DF-B986-37554ABD105B}.Release|Any CPU.Build.0 = Release|Any CPU
	EndGlobalSection
	GlobalSection(SolutionProperties) = preSolution
		HideSolutionNode = FALSE
	EndGlobalSection
	GlobalSection(ExtensibilityGlobals) = postSolution
		SolutionGuid = {B34D86F4-9FFE-4571-854B-C53391D0DB66}
	EndGlobalSection
EndGlobal
